
Microsoft Visual Studio Solution File, Format Version 12.00
# Visual Studio 2013
VisualStudioVersion = 12.0.40629.0
MinimumVisualStudioVersion = 10.0.40219.1
Project("{FAE04EC0-301F-11D3-BF4B-00C04F79EFBC}") = "Quiron.LojaVirtual.Dominio", "Quiron.LojaVirtual.Dominio\Quiron.LojaVirtual.Dominio.csproj", "{7B054093-676E-462A-85FD-D38102511D2C}"
EndProject
Project("{FAE04EC0-301F-11D3-BF4B-00C04F79EFBC}") = "Quiron.LojaVirtual.Web", "Quiron.LojaVirtual.Web\Quiron.LojaVirtual.Web.csproj", "{6E0FD763-C94A-47D1-AD91-CC81DECE2A21}"
EndProject
Project("{FAE04EC0-301F-11D3-BF4B-00C04F79EFBC}") = "Quiron.LojaVirtual.UnitTest", "Quiron.LojaVirtual.UnitTest\Quiron.LojaVirtual.UnitTest.csproj", "{49347CB2-768A-45C7-BA0C-F2D2D9223F82}"
EndProject
Global
	GlobalSection(SolutionConfigurationPlatforms) = preSolution
		Debug|Any CPU = Debug|Any CPU
		Release|Any CPU = Release|Any CPU
	EndGlobalSection
	GlobalSection(ProjectConfigurationPlatforms) = postSolution
		{7B054093-676E-462A-85FD-D38102511D2C}.Debug|Any CPU.ActiveCfg = Debug|Any CPU
		{7B054093-676E-462A-85FD-D38102511D2C}.Debug|Any CPU.Build.0 = Debug|Any CPU
		{7B054093-676E-462A-85FD-D38102511D2C}.Release|Any CPU.ActiveCfg = Release|Any CPU
		{7B054093-676E-462A-85FD-D38102511D2C}.Release|Any CPU.Build.0 = Release|Any CPU
		{6E0FD763-C94A-47D1-AD91-CC81DECE2A21}.Debug|Any CPU.ActiveCfg = Debug|Any CPU
		{6E0FD763-C94A-47D1-AD91-CC81DECE2A21}.Debug|Any CPU.Build.0 = Debug|Any CPU
		{6E0FD763-C94A-47D1-AD91-CC81DECE2A21}.Release|Any CPU.ActiveCfg = Release|Any CPU
		{6E0FD763-C94A-47D1-AD91-CC81DECE2A21}.Release|Any CPU.Build.0 = Release|Any CPU
		{49347CB2-768A-45C7-BA0C-F2D2D9223F82}.Debug|Any CPU.ActiveCfg = Debug|Any CPU
		{49347CB2-768A-45C7-BA0C-F2D2D9223F82}.Debug|Any CPU.Build.0 = Debug|Any CPU
		{49347CB2-768A-45C7-BA0C-F2D2D9223F82}.Release|Any CPU.ActiveCfg = Release|Any CPU
		{49347CB2-768A-45C7-BA0C-F2D2D9223F82}.Release|Any CPU.Build.0 = Release|Any CPU
	EndGlobalSection
	GlobalSection(SolutionProperties) = preSolution
		HideSolutionNode = FALSE
	EndGlobalSection
EndGlobal
